<?xml version="1.0" encoding="utf-8"?>
<Project ToolsVersion="4.0" xmlns="http://schemas.microsoft.com/developer/msbuild/2003">
  <ItemGroup>
    <Filter Include="Файлы заголовков">
      <UniqueIdentifier>{93995380-89BD-4b04-88EB-625FBE52EBFB}</UniqueIdentifier>
      <Extensions>h;hh;hpp;hxx;hm;inl;inc;ipp;xsd</Extensions>
    </Filter>
    <Filter Include="Файлы ресурсов">
      <UniqueIdentifier>{67DA6AB6-F800-4c08-8B7A-83BB121AAD01}</UniqueIdentifier>
      <Extensions>rc;ico;cur;bmp;dlg;rc2;rct;bin;rgs;gif;jpg;jpeg;jpe;resx;tiff;tif;png;wav;mfcribbon-ms</Extensions>
    </Filter>
    <Filter Include="Файлы ресурсов\Исходные файлы">
      <UniqueIdentifier>{6fd37a03-f77c-43be-b931-16080741ecd9}</UniqueIdentifier>
    </Filter>
  </ItemGroup>
  <ItemGroup>
    <ClCompile Include="bfs.cpp">
      <Filter>Файлы ресурсов\Исходные файлы</Filter>
    </ClCompile>
    <ClCompile Include="main.cpp">
      <Filter>Файлы ресурсов\Исходные файлы</Filter>
    </ClCompile>
    <ClCompile Include="ways.cpp">
      <Filter>Файлы ресурсов\Исходные файлы</Filter>
    </ClCompile>
    <ClCompile Include="Yorshell.cpp">
      <Filter>Файлы ресурсов</Filter>
    </ClCompile>
  </ItemGroup>
  <ItemGroup>
    <Text Include="in.txt">
      <Filter>Файлы ресурсов\Исходные файлы</Filter>
    </Text>
    <Text Include="ou.txt">
      <Filter>Файлы ресурсов\Исходные файлы</Filter>
    </Text>
  </ItemGroup>
</Project>